// !$*UTF8*$!
{
	archiveVersion = 1;
	classes = {
	};
	objectVersion = 50;
	objects = {

/* Begin PBXBuildFile section */
		528E9A012530D27B008AD6A5 /* AppDelegate.swift in Sources */ = {isa = PBXBuildFile; fileRef = 528E9A002530D27B008AD6A5 /* AppDelegate.swift */; };
		528E9A032530D27B008AD6A5 /* SceneDelegate.swift in Sources */ = {isa = PBXBuildFile; fileRef = 528E9A022530D27B008AD6A5 /* SceneDelegate.swift */; };
		528E9A052530D27B008AD6A5 /* ViewController.swift in Sources */ = {isa = PBXBuildFile; fileRef = 528E9A042530D27B008AD6A5 /* ViewController.swift */; };
		528E9A082530D27B008AD6A5 /* Main.storyboard in Resources */ = {isa = PBXBuildFile; fileRef = 528E9A062530D27B008AD6A5 /* Main.storyboard */; };
		528E9A0B2530D27B008AD6A5 /* VaraPlatform.xcdatamodeld in Sources */ = {isa = PBXBuildFile; fileRef = 528E9A092530D27B008AD6A5 /* VaraPlatform.xcdatamodeld */; };
		528E9A0D2530D27C008AD6A5 /* Assets.xcassets in Resources */ = {isa = PBXBuildFile; fileRef = 528E9A0C2530D27C008AD6A5 /* Assets.xcassets */; };
		528E9A102530D27C008AD6A5 /* LaunchScreen.storyboard in Resources */ = {isa = PBXBuildFile; fileRef = 528E9A0E2530D27C008AD6A5 /* LaunchScreen.storyboard */; };
		528E9A1B2530D27C008AD6A5 /* VaraPlatformTests.swift in Sources */ = {isa = PBXBuildFile; fileRef = 528E9A1A2530D27C008AD6A5 /* VaraPlatformTests.swift */; };
		528E9A262530D27C008AD6A5 /* VaraPlatformUITests.swift in Sources */ = {isa = PBXBuildFile; fileRef = 528E9A252530D27C008AD6A5 /* VaraPlatformUITests.swift */; };
/* End PBXBuildFile section */

/* Begin PBXContainerItemProxy section */
		528E9A172530D27C008AD6A5 /* PBXContainerItemProxy */ = {
			isa = PBXContainerItemProxy;
			containerPortal = 528E99F52530D27B008AD6A5 /* Project object */;
			proxyType = 1;
			remoteGlobalIDString = 528E99FC2530D27B008AD6A5;
			remoteInfo = VaraPlatform;
		};
		528E9A222530D27C008AD6A5 /* PBXContainerItemProxy */ = {
			isa = PBXContainerItemProxy;
			containerPortal = 528E99F52530D27B008AD6A5 /* Project object */;
			proxyType = 1;
			remoteGlobalIDString = 528E99FC2530D27B008AD6A5;
			remoteInfo = VaraPlatform;
		};
/* End PBXContainerItemProxy section */

/* Begin PBXFileReference section */
		528E99FD2530D27B008AD6A5 /* VaraPlatform.app */ = {isa = PBXFileReference; explicitFileType = wrapper.application; includeInIndex = 0; path = VaraPlatform.app; sourceTree = BUILT_PRODUCTS_DIR; };
		528E9A002530D27B008AD6A5 /* AppDelegate.swift */ = {isa = PBXFileReference; lastKnownFileType = sourcecode.swift; path = AppDelegate.swift; sourceTree = "<group>"; };
		528E9A022530D27B008AD6A5 /* SceneDelegate.swift */ = {isa = PBXFileReference; lastKnownFileType = sourcecode.swift; path = SceneDelegate.swift; sourceTree = "<group>"; };
		528E9A042530D27B008AD6A5 /* ViewController.swift */ = {isa = PBXFileReference; lastKnownFileType = sourcecode.swift; path = ViewController.swift; sourceTree = "<group>"; };
		528E9A072530D27B008AD6A5 /* Base */ = {isa = PBXFileReference; lastKnownFileType = file.storyboard; name = Base; path = Base.lproj/Main.storyboard; sourceTree = "<group>"; };
		528E9A0A2530D27B008AD6A5 /* VaraPlatform.xcdatamodel */ = {isa = PBXFileReference; lastKnownFileType = wrapper.xcdatamodel; path = VaraPlatform.xcdatamodel; sourceTree = "<group>"; };
		528E9A0C2530D27C008AD6A5 /* Assets.xcassets */ = {isa = PBXFileReference; lastKnownFileType = folder.assetcatalog; path = Assets.xcassets; sourceTree = "<group>"; };
		528E9A0F2530D27C008AD6A5 /* Base */ = {isa = PBXFileReference; lastKnownFileType = file.storyboard; name = Base; path = Base.lproj/LaunchScreen.storyboard; sourceTree = "<group>"; };
		528E9A112530D27C008AD6A5 /* Info.plist */ = {isa = PBXFileReference; lastKnownFileType = text.plist.xml; path = Info.plist; sourceTree = "<group>"; };
		528E9A162530D27C008AD6A5 /* VaraPlatformTests.xctest */ = {isa = PBXFileReference; explicitFileType = wrapper.cfbundle; includeInIndex = 0; path = VaraPlatformTests.xctest; sourceTree = BUILT_PRODUCTS_DIR; };
		528E9A1A2530D27C008AD6A5 /* VaraPlatformTests.swift */ = {isa = PBXFileReference; lastKnownFileType = sourcecode.swift; path = VaraPlatformTests.swift; sourceTree = "<group>"; };
		528E9A1C2530D27C008AD6A5 /* Info.plist */ = {isa = PBXFileReference; lastKnownFileType = text.plist.xml; path = Info.plist; sourceTree = "<group>"; };
		528E9A212530D27C008AD6A5 /* VaraPlatformUITests.xctest */ = {isa = PBXFileReference; explicitFileType = wrapper.cfbundle; includeInIndex = 0; path = VaraPlatformUITests.xctest; sourceTree = BUILT_PRODUCTS_DIR; };
		528E9A252530D27C008AD6A5 /* VaraPlatformUITests.swift */ = {isa = PBXFileReference; lastKnownFileType = sourcecode.swift; path = VaraPlatformUITests.swift; sourceTree = "<group>"; };
		528E9A272530D27C008AD6A5 /* Info.plist */ = {isa = PBXFileReference; lastKnownFileType = text.plist.xml; path = Info.plist; sourceTree = "<group>"; };
/* End PBXFileReference section */

/* Begin PBXFrameworksBuildPhase section */
		528E99FA2530D27B008AD6A5 /* Frameworks */ = {
			isa = PBXFrameworksBuildPhase;
			buildActionMask = 2147483647;
			files = (
			);
			runOnlyForDeploymentPostprocessing = 0;
		};
		528E9A132530D27C008AD6A5 /* Frameworks */ = {
			isa = PBXFrameworksBuildPhase;
			buildActionMask = 2147483647;
			files = (
			);
			runOnlyForDeploymentPostprocessing = 0;
		};
		528E9A1E2530D27C008AD6A5 /* Frameworks */ = {
			isa = PBXFrameworksBuildPhase;
			buildActionMask = 2147483647;
			files = (
			);
			runOnlyForDeploymentPostprocessing = 0;
		};
/* End PBXFrameworksBuildPhase section */

/* Begin PBXGroup section */
		528E99F42530D27B008AD6A5 = {
			isa = PBXGroup;
			children = (
				528E99FF2530D27B008AD6A5 /* VaraPlatform */,
				528E9A192530D27C008AD6A5 /* VaraPlatformTests */,
				528E9A242530D27C008AD6A5 /* VaraPlatformUITests */,
				528E99FE2530D27B008AD6A5 /* Products */,
			);
			sourceTree = "<group>";
		};
		528E99FE2530D27B008AD6A5 /* Products */ = {
			isa = PBXGroup;
			children = (
				528E99FD2530D27B008AD6A5 /* VaraPlatform.app */,
				528E9A162530D27C008AD6A5 /* VaraPlatformTests.xctest */,
				528E9A212530D27C008AD6A5 /* VaraPlatformUITests.xctest */,
			);
			name = Products;
			sourceTree = "<group>";
		};
		528E99FF2530D27B008AD6A5 /* VaraPlatform */ = {
			isa = PBXGroup;
			children = (
				528E9A002530D27B008AD6A5 /* AppDelegate.swift */,
				528E9A022530D27B008AD6A5 /* SceneDelegate.swift */,
				528E9A042530D27B008AD6A5 /* ViewController.swift */,
				528E9A062530D27B008AD6A5 /* Main.storyboard */,
				528E9A0C2530D27C008AD6A5 /* Assets.xcassets */,
				528E9A0E2530D27C008AD6A5 /* LaunchScreen.storyboard */,
				528E9A112530D27C008AD6A5 /* Info.plist */,
				528E9A092530D27B008AD6A5 /* VaraPlatform.xcdatamodeld */,
			);
			path = VaraPlatform;
			sourceTree = "<group>";
		};
		528E9A192530D27C008AD6A5 /* VaraPlatformTests */ = {
			isa = PBXGroup;
			children = (
				528E9A1A2530D27C008AD6A5 /* VaraPlatformTests.swift */,
				528E9A1C2530D27C008AD6A5 /* Info.plist */,
			);
			path = VaraPlatformTests;
			sourceTree = "<group>";
		};
		528E9A242530D27C008AD6A5 /* VaraPlatformUITests */ = {
			isa = PBXGroup;
			children = (
				528E9A252530D27C008AD6A5 /* VaraPlatformUITests.swift */,
				528E9A272530D27C008AD6A5 /* Info.plist */,
			);
			path = VaraPlatformUITests;
			sourceTree = "<group>";
		};
/* End PBXGroup section */

/* Begin PBXNativeTarget section */
		528E99FC2530D27B008AD6A5 /* VaraPlatform */ = {
			isa = PBXNativeTarget;
			buildConfigurationList = 528E9A2A2530D27C008AD6A5 /* Build configuration list for PBXNativeTarget "VaraPlatform" */;
			buildPhases = (
				528E99F92530D27B008AD6A5 /* Sources */,
				528E99FA2530D27B008AD6A5 /* Frameworks */,
				528E99FB2530D27B008AD6A5 /* Resources */,
			);
			buildRules = (
			);
			dependencies = (
			);
			name = VaraPlatform;
			productName = VaraPlatform;
			productReference = 528E99FD2530D27B008AD6A5 /* VaraPlatform.app */;
			productType = "com.apple.product-type.application";
		};
		528E9A152530D27C008AD6A5 /* VaraPlatformTests */ = {
			isa = PBXNativeTarget;
			buildConfigurationList = 528E9A2D2530D27C008AD6A5 /* Build configuration list for PBXNativeTarget "VaraPlatformTests" */;
			buildPhases = (
				528E9A122530D27C008AD6A5 /* Sources */,
				528E9A132530D27C008AD6A5 /* Frameworks */,
				528E9A142530D27C008AD6A5 /* Resources */,
			);
			buildRules = (
			);
			dependencies = (
				528E9A182530D27C008AD6A5 /* PBXTargetDependency */,
			);
			name = VaraPlatformTests;
			productName = VaraPlatformTests;
			productReference = 528E9A162530D27C008AD6A5 /* VaraPlatformTests.xctest */;
			productType = "com.apple.product-type.bundle.unit-test";
		};
		528E9A202530D27C008AD6A5 /* VaraPlatformUITests */ = {
			isa = PBXNativeTarget;
			buildConfigurationList = 528E9A302530D27C008AD6A5 /* Build configuration list for PBXNativeTarget "VaraPlatformUITests" */;
			buildPhases = (
				528E9A1D2530D27C008AD6A5 /* Sources */,
				528E9A1E2530D27C008AD6A5 /* Frameworks */,
				528E9A1F2530D27C008AD6A5 /* Resources */,
			);
			buildRules = (
			);
			dependencies = (
				528E9A232530D27C008AD6A5 /* PBXTargetDependency */,
			);
			name = VaraPlatformUITests;
			productName = VaraPlatformUITests;
			productReference = 528E9A212530D27C008AD6A5 /* VaraPlatformUITests.xctest */;
			productType = "com.apple.product-type.bundle.ui-testing";
		};
/* End PBXNativeTarget section */

/* Begin PBXProject section */
		528E99F52530D27B008AD6A5 /* Project object */ = {
			isa = PBXProject;
			attributes = {
				LastSwiftUpdateCheck = 1200;
				LastUpgradeCheck = 1200;
				TargetAttributes = {
					528E99FC2530D27B008AD6A5 = {
						CreatedOnToolsVersion = 12.0.1;
					};
					528E9A152530D27C008AD6A5 = {
						CreatedOnToolsVersion = 12.0.1;
						TestTargetID = 528E99FC2530D27B008AD6A5;
					};
					528E9A202530D27C008AD6A5 = {
						CreatedOnToolsVersion = 12.0.1;
						TestTargetID = 528E99FC2530D27B008AD6A5;
					};
				};
			};
			buildConfigurationList = 528E99F82530D27B008AD6A5 /* Build configuration list for PBXProject "VaraPlatform" */;
			compatibilityVersion = "Xcode 9.3";
			developmentRegion = en;
			hasScannedForEncodings = 0;
			knownRegions = (
				en,
				Base,
			);
			mainGroup = 528E99F42530D27B008AD6A5;
			productRefGroup = 528E99FE2530D27B008AD6A5 /* Products */;
			projectDirPath = "";
			projectRoot = "";
			targets = (
				528E99FC2530D27B008AD6A5 /* VaraPlatform */,
				528E9A152530D27C008AD6A5 /* VaraPlatformTests */,
				528E9A202530D27C008AD6A5 /* VaraPlatformUITests */,
			);
		};
/* End PBXProject section */

/* Begin PBXResourcesBuildPhase section */
		528E99FB2530D27B008AD6A5 /* Resources */ = {
			isa = PBXResourcesBuildPhase;
			buildActionMask = 2147483647;
			files = (
				528E9A102530D27C008AD6A5 /* LaunchScreen.storyboard in Resources */,
				528E9A0D2530D27C008AD6A5 /* Assets.xcassets in Resources */,
				528E9A082530D27B008AD6A5 /* Main.storyboard in Resources */,
			);
			runOnlyForDeploymentPostprocessing = 0;
		};
		528E9A142530D27C008AD6A5 /* Resources */ = {
			isa = PBXResourcesBuildPhase;
			buildActionMask = 2147483647;
			files = (
			);
			runOnlyForDeploymentPostprocessing = 0;
		};
		528E9A1F2530D27C008AD6A5 /* Resources */ = {
			isa = PBXResourcesBuildPhase;
			buildActionMask = 2147483647;
			files = (
			);
			runOnlyForDeploymentPostprocessing = 0;
		};
/* End PBXResourcesBuildPhase section */

/* Begin PBXSourcesBuildPhase section */
		528E99F92530D27B008AD6A5 /* Sources */ = {
			isa = PBXSourcesBuildPhase;
			buildActionMask = 2147483647;
			files = (
				528E9A0B2530D27B008AD6A5 /* VaraPlatform.xcdatamodeld in Sources */,
				528E9A052530D27B008AD6A5 /* ViewController.swift in Sources */,
				528E9A012530D27B008AD6A5 /* AppDelegate.swift in Sources */,
				528E9A032530D27B008AD6A5 /* SceneDelegate.swift in Sources */,
			);
			runOnlyForDeploymentPostprocessing = 0;
		};
		528E9A122530D27C008AD6A5 /* Sources */ = {
			isa = PBXSourcesBuildPhase;
			buildActionMask = 2147483647;
			files = (
				528E9A1B2530D27C008AD6A5 /* VaraPlatformTests.swift in Sources */,
			);
			runOnlyForDeploymentPostprocessing = 0;
		};
		528E9A1D2530D27C008AD6A5 /* Sources */ = {
			isa = PBXSourcesBuildPhase;
			buildActionMask = 2147483647;
			files = (
				528E9A262530D27C008AD6A5 /* VaraPlatformUITests.swift in Sources */,
			);
			runOnlyForDeploymentPostprocessing = 0;
		};
/* End PBXSourcesBuildPhase section */

/* Begin PBXTargetDependency section */
		528E9A182530D27C008AD6A5 /* PBXTargetDependency */ = {
			isa = PBXTargetDependency;
			target = 528E99FC2530D27B008AD6A5 /* VaraPlatform */;
			targetProxy = 528E9A172530D27C008AD6A5 /* PBXContainerItemProxy */;
		};
		528E9A232530D27C008AD6A5 /* PBXTargetDependency */ = {
			isa = PBXTargetDependency;
			target = 528E99FC2530D27B008AD6A5 /* VaraPlatform */;
			targetProxy = 528E9A222530D27C008AD6A5 /* PBXContainerItemProxy */;
		};
/* End PBXTargetDependency section */

/* Begin PBXVariantGroup section */
		528E9A062530D27B008AD6A5 /* Main.storyboard */ = {
			isa = PBXVariantGroup;
			children = (
				528E9A072530D27B008AD6A5 /* Base */,
			);
			name = Main.storyboard;
			sourceTree = "<group>";
		};
		528E9A0E2530D27C008AD6A5 /* LaunchScreen.storyboard */ = {
			isa = PBXVariantGroup;
			children = (
				528E9A0F2530D27C008AD6A5 /* Base */,
			);
			name = LaunchScreen.storyboard;
			sourceTree = "<group>";
		};
/* End PBXVariantGroup section */

/* Begin XCBuildConfiguration section */
		528E9A282530D27C008AD6A5 /* Debug */ = {
			isa = XCBuildConfiguration;
			buildSettings = {
				ALWAYS_SEARCH_USER_PATHS = NO;
				CLANG_ANALYZER_NONNULL = YES;
				CLANG_ANALYZER_NUMBER_OBJECT_CONVERSION = YES_AGGRESSIVE;
				CLANG_CXX_LANGUAGE_STANDARD = "gnu++14";
				CLANG_CXX_LIBRARY = "libc++";
				CLANG_ENABLE_MODULES = YES;
				CLANG_ENABLE_OBJC_ARC = YES;
				CLANG_ENABLE_OBJC_WEAK = YES;
				CLANG_WARN_BLOCK_CAPTURE_AUTORELEASING = YES;
				CLANG_WARN_BOOL_CONVERSION = YES;
				CLANG_WARN_COMMA = YES;
				CLANG_WARN_CONSTANT_CONVERSION = YES;
				CLANG_WARN_DEPRECATED_OBJC_IMPLEMENTATIONS = YES;
				CLANG_WARN_DIRECT_OBJC_ISA_USAGE = YES_ERROR;
				CLANG_WARN_DOCUMENTATION_COMMENTS = YES;
				CLANG_WARN_EMPTY_BODY = YES;
				CLANG_WARN_ENUM_CONVERSION = YES;
				CLANG_WARN_INFINITE_RECURSION = YES;
				CLANG_WARN_INT_CONVERSION = YES;
				CLANG_WARN_NON_LITERAL_NULL_CONVERSION = YES;
				CLANG_WARN_OBJC_IMPLICIT_RETAIN_SELF = YES;
				CLANG_WARN_OBJC_LITERAL_CONVERSION = YES;
				CLANG_WARN_OBJC_ROOT_CLASS = YES_ERROR;
				CLANG_WARN_QUOTED_INCLUDE_IN_FRAMEWORK_HEADER = YES;
				CLANG_WARN_RANGE_LOOP_ANALYSIS = YES;
				CLANG_WARN_STRICT_PROTOTYPES = YES;
				CLANG_WARN_SUSPICIOUS_MOVE = YES;
				CLANG_WARN_UNGUARDED_AVAILABILITY = YES_AGGRESSIVE;
				CLANG_WARN_UNREACHABLE_CODE = YES;
				CLANG_WARN__DUPLICATE_METHOD_MATCH = YES;
				COPY_PHASE_STRIP = NO;
				DEBUG_INFORMATION_FORMAT = dwarf;
				ENABLE_STRICT_OBJC_MSGSEND = YES;
				ENABLE_TESTABILITY = YES;
				GCC_C_LANGUAGE_STANDARD = gnu11;
				GCC_DYNAMIC_NO_PIC = NO;
				GCC_NO_COMMON_BLOCKS = YES;
				GCC_OPTIMIZATION_LEVEL = 0;
				GCC_PREPROCESSOR_DEFINITIONS = (
					"DEBUG=1",
					"$(inherited)",
				);
				GCC_WARN_64_TO_32_BIT_CONVERSION = YES;
				GCC_WARN_ABOUT_RETURN_TYPE = YES_ERROR;
				GCC_WARN_UNDECLARED_SELECTOR = YES;
				GCC_WARN_UNINITIALIZED_AUTOS = YES_AGGRESSIVE;
				GCC_WARN_UNUSED_FUNCTION = YES;
				GCC_WARN_UNUSED_VARIABLE = YES;
				IPHONEOS_DEPLOYMENT_TARGET = 14.0;
				MTL_ENABLE_DEBUG_INFO = INCLUDE_SOURCE;
				MTL_FAST_MATH = YES;
				ONLY_ACTIVE_ARCH = YES;
				SDKROOT = iphoneos;
				SWIFT_ACTIVE_COMPILATION_CONDITIONS = DEBUG;
				SWIFT_OPTIMIZATION_LEVEL = "-Onone";
			};
			name = Debug;
		};
		528E9A292530D27C008AD6A5 /* Release */ = {
			isa = XCBuildConfiguration;
			buildSettings = {
				ALWAYS_SEARCH_USER_PATHS = NO;
				CLANG_ANALYZER_NONNULL = YES;
				CLANG_ANALYZER_NUMBER_OBJECT_CONVERSION = YES_AGGRESSIVE;
				CLANG_CXX_LANGUAGE_STANDARD = "gnu++14";
				CLANG_CXX_LIBRARY = "libc++";
				CLANG_ENABLE_MODULES = YES;
				CLANG_ENABLE_OBJC_ARC = YES;
				CLANG_ENABLE_OBJC_WEAK = YES;
				CLANG_WARN_BLOCK_CAPTURE_AUTORELEASING = YES;
				CLANG_WARN_BOOL_CONVERSION = YES;
				CLANG_WARN_COMMA = YES;
				CLANG_WARN_CONSTANT_CONVERSION = YES;
				CLANG_WARN_DEPRECATED_OBJC_IMPLEMENTATIONS = YES;
				CLANG_WARN_DIRECT_OBJC_ISA_USAGE = YES_ERROR;
				CLANG_WARN_DOCUMENTATION_COMMENTS = YES;
				CLANG_WARN_EMPTY_BODY = YES;
				CLANG_WARN_ENUM_CONVERSION = YES;
				CLANG_WARN_INFINITE_RECURSION = YES;
				CLANG_WARN_INT_CONVERSION = YES;
				CLANG_WARN_NON_LITERAL_NULL_CONVERSION = YES;
				CLANG_WARN_OBJC_IMPLICIT_RETAIN_SELF = YES;
				CLANG_WARN_OBJC_LITERAL_CONVERSION = YES;
				CLANG_WARN_OBJC_ROOT_CLASS = YES_ERROR;
				CLANG_WARN_QUOTED_INCLUDE_IN_FRAMEWORK_HEADER = YES;
				CLANG_WARN_RANGE_LOOP_ANALYSIS = YES;
				CLANG_WARN_STRICT_PROTOTYPES = YES;
				CLANG_WARN_SUSPICIOUS_MOVE = YES;
				CLANG_WARN_UNGUARDED_AVAILABILITY = YES_AGGRESSIVE;
				CLANG_WARN_UNREACHABLE_CODE = YES;
				CLANG_WARN__DUPLICATE_METHOD_MATCH = YES;
				COPY_PHASE_STRIP = NO;
				DEBUG_INFORMATION_FORMAT = "dwarf-with-dsym";
				ENABLE_NS_ASSERTIONS = NO;
				ENABLE_STRICT_OBJC_MSGSEND = YES;
				GCC_C_LANGUAGE_STANDARD = gnu11;
				GCC_NO_COMMON_BLOCKS = YES;
				GCC_WARN_64_TO_32_BIT_CONVERSION = YES;
				GCC_WARN_ABOUT_RETURN_TYPE = YES_ERROR;
				GCC_WARN_UNDECLARED_SELECTOR = YES;
				GCC_WARN_UNINITIALIZED_AUTOS = YES_AGGRESSIVE;
				GCC_WARN_UNUSED_FUNCTION = YES;
				GCC_WARN_UNUSED_VARIABLE = YES;
				IPHONEOS_DEPLOYMENT_TARGET = 14.0;
				MTL_ENABLE_DEBUG_INFO = NO;
				MTL_FAST_MATH = YES;
				SDKROOT = iphoneos;
				SWIFT_COMPILATION_MODE = wholemodule;
				SWIFT_OPTIMIZATION_LEVEL = "-O";
				VALIDATE_PRODUCT = YES;
			};
			name = Release;
		};
		528E9A2B2530D27C008AD6A5 /* Debug */ = {
			isa = XCBuildConfiguration;
			buildSettings = {
				ASSETCATALOG_COMPILER_APPICON_NAME = AppIcon;
				ASSETCATALOG_COMPILER_GLOBAL_ACCENT_COLOR_NAME = AccentColor;
				CODE_SIGN_STYLE = Automatic;
				DEVELOPMENT_TEAM = 5J4CEQX6PX;
				INFOPLIST_FILE = VaraPlatform/Info.plist;
				LD_RUNPATH_SEARCH_PATHS = (
					"$(inherited)",
					"@executable_path/Frameworks",
				);
				PRODUCT_BUNDLE_IDENTIFIER = com.GervanNantel.VaraPlatform;
				PRODUCT_NAME = "$(TARGET_NAME)";
				SWIFT_VERSION = 5.0;
				TARGETED_DEVICE_FAMILY = "1,2";
			};
			name = Debug;
		};
		528E9A2C2530D27C008AD6A5 /* Release */ = {
			isa = XCBuildConfiguration;
			buildSettings = {
				ASSETCATALOG_COMPILER_APPICON_NAME = AppIcon;
				ASSETCATALOG_COMPILER_GLOBAL_ACCENT_COLOR_NAME = AccentColor;
				CODE_SIGN_STYLE = Automatic;
				DEVELOPMENT_TEAM = 5J4CEQX6PX;
				INFOPLIST_FILE = VaraPlatform/Info.plist;
				LD_RUNPATH_SEARCH_PATHS = (
					"$(inherited)",
					"@executable_path/Frameworks",
				);
				PRODUCT_BUNDLE_IDENTIFIER = com.GervanNantel.VaraPlatform;
				PRODUCT_NAME = "$(TARGET_NAME)";
				SWIFT_VERSION = 5.0;
				TARGETED_DEVICE_FAMILY = "1,2";
			};
			name = Release;
		};
		528E9A2E2530D27C008AD6A5 /* Debug */ = {
			isa = XCBuildConfiguration;
			buildSettings = {
				ALWAYS_EMBED_SWIFT_STANDARD_LIBRARIES = YES;
				BUNDLE_LOADER = "$(TEST_HOST)";
				CODE_SIGN_STYLE = Automatic;
				DEVELOPMENT_TEAM = 5J4CEQX6PX;
				INFOPLIST_FILE = VaraPlatformTests/Info.plist;
				IPHONEOS_DEPLOYMENT_TARGET = 14.0;
				LD_RUNPATH_SEARCH_PATHS = (
					"$(inherited)",
					"@executable_path/Frameworks",
					"@loader_path/Frameworks",
				);
				PRODUCT_BUNDLE_IDENTIFIER = com.GervanNantel.VaraPlatformTests;
				PRODUCT_NAME = "$(TARGET_NAME)";
				SWIFT_VERSION = 5.0;
				TARGETED_DEVICE_FAMILY = "1,2";
				TEST_HOST = "$(BUILT_PRODUCTS_DIR)/VaraPlatform.app/VaraPlatform";
			};
			name = Debug;
		};
		528E9A2F2530D27C008AD6A5 /* Release */ = {
			isa = XCBuildConfiguration;
			buildSettings = {
				ALWAYS_EMBED_SWIFT_STANDARD_LIBRARIES = YES;
				BUNDLE_LOADER = "$(TEST_HOST)";
				CODE_SIGN_STYLE = Automatic;
				DEVELOPMENT_TEAM = 5J4CEQX6PX;
				INFOPLIST_FILE = VaraPlatformTests/Info.plist;
				IPHONEOS_DEPLOYMENT_TARGET = 14.0;
				LD_RUNPATH_SEARCH_PATHS = (
					"$(inherited)",
					"@executable_path/Frameworks",
					"@loader_path/Frameworks",
				);
				PRODUCT_BUNDLE_IDENTIFIER = com.GervanNantel.VaraPlatformTests;
				PRODUCT_NAME = "$(TARGET_NAME)";
				SWIFT_VERSION = 5.0;
				TARGETED_DEVICE_FAMILY = "1,2";
				TEST_HOST = "$(BUILT_PRODUCTS_DIR)/VaraPlatform.app/VaraPlatform";
			};
			name = Release;
		};
		528E9A312530D27C008AD6A5 /* Debug */ = {
			isa = XCBuildConfiguration;
			buildSettings = {
				ALWAYS_EMBED_SWIFT_STANDARD_LIBRARIES = YES;
				CODE_SIGN_STYLE = Automatic;
				DEVELOPMENT_TEAM = 5J4CEQX6PX;
				INFOPLIST_FILE = VaraPlatformUITests/Info.plist;
				LD_RUNPATH_SEARCH_PATHS = (
					"$(inherited)",
					"@executable_path/Frameworks",
					"@loader_path/Frameworks",
				);
				PRODUCT_BUNDLE_IDENTIFIER = com.GervanNantel.VaraPlatformUITests;
				PRODUCT_NAME = "$(TARGET_NAME)";
				SWIFT_VERSION = 5.0;
				TARGETED_DEVICE_FAMILY = "1,2";
				TEST_TARGET_NAME = VaraPlatform;
			};
			name = Debug;
		};
		528E9A322530D27C008AD6A5 /* Release */ = {
			isa = XCBuildConfiguration;
			buildSettings = {
				ALWAYS_EMBED_SWIFT_STANDARD_LIBRARIES = YES;
				CODE_SIGN_STYLE = Automatic;
				DEVELOPMENT_TEAM = 5J4CEQX6PX;
				INFOPLIST_FILE = VaraPlatformUITests/Info.plist;
				LD_RUNPATH_SEARCH_PATHS = (
					"$(inherited)",
					"@executable_path/Frameworks",
					"@loader_path/Frameworks",
				);
				PRODUCT_BUNDLE_IDENTIFIER = com.GervanNantel.VaraPlatformUITests;
				PRODUCT_NAME = "$(TARGET_NAME)";
				SWIFT_VERSION = 5.0;
				TARGETED_DEVICE_FAMILY = "1,2";
				TEST_TARGET_NAME = VaraPlatform;
			};
			name = Release;
		};
/* End XCBuildConfiguration section */

/* Begin XCConfigurationList section */
		528E99F82530D27B008AD6A5 /* Build configuration list for PBXProject "VaraPlatform" */ = {
			isa = XCConfigurationList;
			buildConfigurations = (
				528E9A282530D27C008AD6A5 /* Debug */,
				528E9A292530D27C008AD6A5 /* Release */,
			);
			defaultConfigurationIsVisible = 0;
			defaultConfigurationName = Release;
		};
		528E9A2A2530D27C008AD6A5 /* Build configuration list for PBXNativeTarget "VaraPlatform" */ = {
			isa = XCConfigurationList;
			buildConfigurations = (
				528E9A2B2530D27C008AD6A5 /* Debug */,
				528E9A2C2530D27C008AD6A5 /* Release */,
			);
			defaultConfigurationIsVisible = 0;
			defaultConfigurationName = Release;
		};
		528E9A2D2530D27C008AD6A5 /* Build configuration list for PBXNativeTarget "VaraPlatformTests" */ = {
			isa = XCConfigurationList;
			buildConfigurations = (
				528E9A2E2530D27C008AD6A5 /* Debug */,
				528E9A2F2530D27C008AD6A5 /* Release */,
			);
			defaultConfigurationIsVisible = 0;
			defaultConfigurationName = Release;
		};
		528E9A302530D27C008AD6A5 /* Build configuration list for PBXNativeTarget "VaraPlatformUITests" */ = {
			isa = XCConfigurationList;
			buildConfigurations = (
				528E9A312530D27C008AD6A5 /* Debug */,
				528E9A322530D27C008AD6A5 /* Release */,
			);
			defaultConfigurationIsVisible = 0;
			defaultConfigurationName = Release;
		};
/* End XCConfigurationList section */

/* Begin XCVersionGroup section */
		528E9A092530D27B008AD6A5 /* VaraPlatform.xcdatamodeld */ = {
			isa = XCVersionGroup;
			children = (
				528E9A0A2530D27B008AD6A5 /* VaraPlatform.xcdatamodel */,
			);
			currentVersion = 528E9A0A2530D27B008AD6A5 /* VaraPlatform.xcdatamodel */;
			path = VaraPlatform.xcdatamodeld;
			sourceTree = "<group>";
			versionGroupType = wrapper.xcdatamodel;
		};
/* End XCVersionGroup section */
	};
	rootObject = 528E99F52530D27B008AD6A5 /* Project object */;
}
